
Microsoft Visual Studio Solution File, Format Version 12.00
# Visual Studio Version 17
VisualStudioVersion = 17.1.32210.238
MinimumVisualStudioVersion = 10.0.40219.1
Project("{FAE04EC0-301F-11D3-BF4B-00C04F79EFBC}") = "Akasha.Server", "Server\Akasha.Server.csproj", "{259211FC-6A98-41BC-B600-ECAF9B3A1518}"
EndProject
Project("{FAE04EC0-301F-11D3-BF4B-00C04F79EFBC}") = "Akasha.Client", "Client\Akasha.Client.csproj", "{A8AA8358-649E-48D5-ACB6-001333F51C21}"
EndProject
Project("{FAE04EC0-301F-11D3-BF4B-00C04F79EFBC}") = "Akasha.Shared", "Shared\Akasha.Shared.csproj", "{34206F8F-B865-4D40-AB70-C5D17B2EB99C}"
EndProject
Global
	GlobalSection(SolutionConfigurationPlatforms) = preSolution
		Debug|Any CPU = Debug|Any CPU
		Release|Any CPU = Release|Any CPU
	EndGlobalSection
	GlobalSection(ProjectConfigurationPlatforms) = postSolution
		{259211FC-6A98-41BC-B600-ECAF9B3A1518}.Debug|Any CPU.ActiveCfg = Debug|Any CPU
		{259211FC-6A98-41BC-B600-ECAF9B3A1518}.Debug|Any CPU.Build.0 = Debug|Any CPU
		{259211FC-6A98-41BC-B600-ECAF9B3A1518}.Release|Any CPU.ActiveCfg = Release|Any CPU
		{259211FC-6A98-41BC-B600-ECAF9B3A1518}.Release|Any CPU.Build.0 = Release|Any CPU
		{A8AA8358-649E-48D5-ACB6-001333F51C21}.Debug|Any CPU.ActiveCfg = Debug|Any CPU
		{A8AA8358-649E-48D5-ACB6-001333F51C21}.Debug|Any CPU.Build.0 = Debug|Any CPU
		{A8AA8358-649E-48D5-ACB6-001333F51C21}.Release|Any CPU.ActiveCfg = Release|Any CPU
		{A8AA8358-649E-48D5-ACB6-001333F51C21}.Release|Any CPU.Build.0 = Release|Any CPU
		{34206F8F-B865-4D40-AB70-C5D17B2EB99C}.Debug|Any CPU.ActiveCfg = Debug|Any CPU
		{34206F8F-B865-4D40-AB70-C5D17B2EB99C}.Debug|Any CPU.Build.0 = Debug|Any CPU
		{34206F8F-B865-4D40-AB70-C5D17B2EB99C}.Release|Any CPU.ActiveCfg = Release|Any CPU
		{34206F8F-B865-4D40-AB70-C5D17B2EB99C}.Release|Any CPU.Build.0 = Release|Any CPU
	EndGlobalSection
	GlobalSection(SolutionProperties) = preSolution
		HideSolutionNode = FALSE
	EndGlobalSection
	GlobalSection(ExtensibilityGlobals) = postSolution
		SolutionGuid = {353A4451-B96D-49B4-A020-EC2A11ACB909}
	EndGlobalSection
EndGlobal
